github.com/egdaemon/eg v0.0.0-20240501125119-47afb2ea67de h1:LDZkZ40hEoK1jK3D8wpGR9km9ZtY+W3qaIaQ7CEeGVw=
github.com/egdaemon/eg v0.0.0-20240501125119-47afb2ea67de/go.mod h1:ixw5w8guH2FyHjFAQetBHFG4+3ncTEyR7vSVBUVIMqA=
github.com/egdaemon/eg v0.0.0-20240501133128-0a23c6ece824 h1:o6J68kjCF31LmvZCC9nub2MEWcUBv6wbQOKuGe6aFlo=
github.com/egdaemon/eg v0.0.0-20240501133128-0a23c6ece824/go.mod h1:ixw5w8guH2FyHjFAQetBHFG4+3ncTEyR7vSVBUVIMqA=
github.com/egdaemon/eg v0.0.0-20240501163306-42252ef61dd8 h1:t0M688BzDGx7HGwL6tEMJ8K0Ndneu3tBRsro9j7dyhM=
github.com/egdaemon/eg v0.0.0-20240501163306-42252ef61dd8/go.mod h1:ixw5w8guH2FyHjFAQetBHFG4+3ncTEyR7vSVBUVIMqA=
github.com/egdaemon/eg v0.0.0-20240502002923-05ccd4994b45 h1:T9DVvzsnoA+SIEDmqioqZ4NFKZ/6YlSHe8bUESgyCxk=
github.com/egdaemon/eg v0.0.0-20240502002923-05ccd4994b45/go.mod h1:ixw5w8guH2FyHjFAQetBHFG4+3ncTEyR7vSVBUVIMqA=
github.com/egdaemon/eg v0.0.0-20240502011256-63d48c052127 h1:+LoqWh1K9rNW2j7asy2Sgj8vsRAkPWyHSZDo6J0nWcI=
github.com/egdaemon/eg v0.0.0-20240502011256-63d48c052127/go.mod h1:ixw5w8guH2FyHjFAQetBHFG4+3ncTEyR7vSVBUVIMqA=
