github.com/egdaemon/eg v0.0.0-20241224192656-b849cdf0dea0 h1:k7TE/l/I26Zf/AqM1bMaoK+MwoVtEaF4xK48vqDrr7M=
github.com/egdaemon/eg v0.0.0-20241224192656-b849cdf0dea0/go.mod h1:bv7aNgm9u3l2dhlhLcib/F2db9qaHU2OsMisWSL6Bok=
github.com/egdaemon/eg v0.0.0-20241226173515-5414bca3aed8 h1:UcVhfjes4vqlJE13vfHusv4Zb+hwXPbyLJmlaJXKxnU=
github.com/egdaemon/eg v0.0.0-20241226173515-5414bca3aed8/go.mod h1:v0FRokYvmElsmaCjDplvHBVX0TGg39m7Q6XraGHInAU=
github.com/egdaemon/eg v0.0.0-20241226175130-f3143a154317 h1:zYisT7224wPTTwvDCZwV59CKoOHAUWz5msWGSpRr6Bs=
github.com/egdaemon/eg v0.0.0-20241226175130-f3143a154317/go.mod h1:v0FRokYvmElsmaCjDplvHBVX0TGg39m7Q6XraGHInAU=
github.com/egdaemon/wasinet v0.0.0-20241226171513-951ac3ecca85 h1:06X0Xkv2i8xXeBJPEqz5pnieivLR08yVIEe37aSqj/M=
github.com/egdaemon/wasinet v0.0.0-20241226171513-951ac3ecca85/go.mod h1:Vrshfq2KHg5uxoEQ9/78v43gG+SSnOBU6vi3OHaa2EA=
golang.org/x/sys v0.28.0 h1:Fksou7UEQUWlKvIdsqzJmUmCX3cZuD2+P3XyyzwMhlA=
golang.org/x/sys v0.28.0/go.mod h1:/VUhepiaJMQUp4+oa/7Zr1D23ma6VTLIYjOOTFZPUcA=
